filippo.io/edwards25519 v1.1.0 h1:FNf4tywRC1HmFuKW5xopWpigGjJKiJSV0Cqo0cJWDaA=
filippo.io/edwards25519 v1.1.0/go.mod h1:BxyFTGdWcka3PhytdK4V28tE5sGfRvvvRV7EaN4VDT4=
github.com/bwmarrin/discordgo v0.29.0 h1:FmWeXFaKUwrcL3Cx65c20bTRW+vOb6k8AnaP+EgjDno=
github.com/bwmarrin/discordgo v0.29.0/go.mod h1:NJZpH+1AfhIcyQsPeuBKsUtYrRnjkyu0kIVMCHkZtRY=
github.com/davecgh/go-spew v1.1.1 h1:vj9j/u1bqnvCEfJOwUhtlOARqs3+rkHYY13jYWTU97c=
github.com/davecgh/go-spew v1.1.1/go.mod h1:J7Y8YcW2NihsgmVo/mv3lAwl/skON4iLHjSsI+c5H38=
github.com/enescakir/emoji v1.0.0 h1:W+HsNql8swfCQFtioDGDHCHri8nudlK1n5p2rHCJoog=
github.com/enescakir/emoji v1.0.0/go.mod h1:Bt1EKuLnKDTYpLALApstIkAjdDrS/8IAgTkKp+WKFD0=
github.com/go-sql-driver/mysql v1.8.1 h1:LedoTUt/eveggdHS9qUFC1EFSa8bU2+1pZjSRpvNJ1Y=
github.com/go-sql-driver/mysql v1.8.1/go.mod h1:wEBSXgmK//2ZFJyE+qWnIsVGmvmEKlqwuVSjsCm7DZg=
github.com/google/shlex v0.0.0-20191202100458-e7afc7fbc510 h1:El6M4kTTCOh6aBiKaUGG7oYTSPP8MxqL4YI3kZKwcP4=
github.com/google/shlex v0.0.0-20191202100458-e7afc7fbc510/go.mod h1:pupxD2MaaD3pAXIBCelhxNneeOaAeabZDe5s4K6zSpQ=
github.com/google/uuid v1.6.0 h1:NIvaJDMOsjHA8n1jAhLSgzrAzy1Hgr+hNrb57e+94F0=
github.com/google/uuid v1.6.0/go.mod h1:TIyPZe4MgqvfeYDBFedMoGGpEw/LqOeaOT+nhxU+yHo=
github.com/gorilla/websocket v1.4.2/go.mod h1:YR8l580nyteQvAITg2hZ9XVh4b55+EU/adAjf1fMHhE=
github.com/gorilla/websocket v1.5.3 h1:saDtZ6Pbx/0u+bgYQ3q96pZgCzfhKXGPqt7kZ72aNNg=
github.com/gorilla/websocket v1.5.3/go.mod h1:YR8l580nyteQvAITg2hZ9XVh4b55+EU/adAjf1fMHhE=
github.com/hashicorp/golang-lru v1.0.2 h1:dV3g9Z/unq5DpblPpw+Oqcv4dU/1omnb4Ok8iPY6p1c=
github.com/hashicorp/golang-lru v1.0.2/go.mod h1:iADmTwqILo4mZ8BN3D2Q6+9jd8WM5uGBxy+E8yxSoD4=
github.com/hashicorp/golang-lru/v2 v2.0.7 h1:a+bsQ5rvGLjzHuww6tVxozPZFVghXaHOwFs4luLUK2k=
github.com/hashicorp/golang-lru/v2 v2.0.7/go.mod h1:QeFd9opnmA6QUJc5vARoKUSoFhyfM2/ZepoAG6RGpeM=
github.com/heathcliff26/go-minesweeper v0.9.9 h1:k1s686UbaV8nqaOwBhzZo8S9q5TUC2xPXtSQPv71sWc=
github.com/heathcliff26/go-minesweeper v0.9.9/go.mod h1:yaShuyo84S7BI9Afm/qx2t3LgD8s4UTZ4oEHCSk2abY=
github.com/j4rv/genshinartis v0.0.0-20240510155157-e4a2078f376f h1:Qkb60dXQpQFebxNxWsebOsyZ39JJzq/1B0vWO8IvPwI=
github.com/j4rv/genshinartis v0.0.0-20240510155157-e4a2078f376f/go.mod h1:6XYkTXc4nhiZmc3caNnjmE8TaWLAwKtRXiK/VdTAuUI=
github.com/j4rv/rollssim v0.0.0-20240816172414-ef8ab34e52a8 h1:UObrMf/hmM55QchJRbN3X7sXjC4xwmy2i3ewaFjH6GQ=
github.com/j4rv/rollssim v0.0.0-20240816172414-ef8ab34e52a8/go.mod h1:giZ+GfPdq1sGjpWZHM5YSQ7Pfz2/doB9I2uSUXl/ZxU=
github.com/j4rv/rollssim v0.0.0-20250320222945-e961377986b9 h1:/MQDJZweW2DTJLaVirhQ74DK1zRV0KFAqUdZnkmbd8A=
github.com/j4rv/rollssim v0.0.0-20250320222945-e961377986b9/go.mod h1:giZ+GfPdq1sGjpWZHM5YSQ7Pfz2/doB9I2uSUXl/ZxU=
github.com/j4rv/zenless-scrapper v0.0.0-20260302194214-ee2dbbdd1a57 h1:pb44KQiefNHY80q/THqyVClSr7nT8SuGtQvjvtVJLu0=
github.com/j4rv/zenless-scrapper v0.0.0-20260302194214-ee2dbbdd1a57/go.mod h1:0gBAS0qRzIaCWi39eDs8ym2XgonR8JlyImXlAjSJhzQ=
github.com/j4rv/zenless-scrapper v0.0.0-20260302230337-26a4e7e960a5 h1:N4V0YCyUjAA4OzUYt5by9nQ6LG/Fk9I8PdvwjxdlGwQ=
github.com/j4rv/zenless-scrapper v0.0.0-20260302230337-26a4e7e960a5/go.mod h1:0gBAS0qRzIaCWi39eDs8ym2XgonR8JlyImXlAjSJhzQ=
github.com/j4rv/zenless-scrapper v0.0.0-20260302231715-c4cc09003403 h1:P9f4ZNRxZH84qPpcnx0FGdl/WiqIbUZgGhKQT1r3yWA=
github.com/j4rv/zenless-scrapper v0.0.0-20260302231715-c4cc09003403/go.mod h1:0gBAS0qRzIaCWi39eDs8ym2XgonR8JlyImXlAjSJhzQ=
github.com/j4rv/zenless-scrapper v0.0.0-20260302232902-f0fab2c24b71 h1:GIAhY3axO4D4XBp4hgPngjVo34rcUxz5SNF18byCwSA=
github.com/j4rv/zenless-scrapper v0.0.0-20260302232902-f0fab2c24b71/go.mod h1:0gBAS0qRzIaCWi39eDs8ym2XgonR8JlyImXlAjSJhzQ=
github.com/j4rv/zenless-scrapper v0.0.0-20260302233130-5cf189302ce0 h1:RpDdEP5EwOs2rdgSfo8O0IJh/0QutSEEPHtcO2zAlvM=
github.com/j4rv/zenless-scrapper v0.0.0-20260302233130-5cf189302ce0/go.mod h1:0gBAS0qRzIaCWi39eDs8ym2XgonR8JlyImXlAjSJhzQ=
github.com/j4rv/zenless-scrapper v0.0.0-20260303000350-54946d25074b h1:GTfaFw9fKeAZkKiYPTFQPGilaL4SjcLh+MfFx05NQSA=
github.com/j4rv/zenless-scrapper v0.0.0-20260303000350-54946d25074b/go.mod h1:0gBAS0qRzIaCWi39eDs8ym2XgonR8JlyImXlAjSJhzQ=
github.com/j4rv/zenless-scrapper v0.0.0-20260303172321-961e5d5aa0dc h1:BrnfRRqDNm126ZlzUjnHTSabm6+7qV6HJbIVuzD4cw0=
github.com/j4rv/zenless-scrapper v0.0.0-20260303172321-961e5d5aa0dc/go.mod h1:0gBAS0qRzIaCWi39eDs8ym2XgonR8JlyImXlAjSJhzQ=
github.com/j4rv/zenless-scrapper v0.0.0-20260303180715-16031e9612d9 h1:cvYgSVoO7247tnyc+zdiYNxqsosxzQMAMAsf0jKCUNU=
github.com/j4rv/zenless-scrapper v0.0.0-20260303180715-16031e9612d9/go.mod h1:0gBAS0qRzIaCWi39eDs8ym2XgonR8JlyImXlAjSJhzQ=
github.com/j4rv/zenless-scrapper v0.0.0-20260303182058-19d2e39c2e84 h1:D/OwtQy0pJfOvIMUiAeVhh1n5N/+jPiVIdgOiGhxw1Y=
github.com/j4rv/zenless-scrapper v0.0.0-20260303182058-19d2e39c2e84/go.mod h1:0gBAS0qRzIaCWi39eDs8ym2XgonR8JlyImXlAjSJhzQ=
github.com/j4rv/zenless-scrapper v0.0.0-20260303185706-400d2f380b3e h1:PmA3cR3dZ78CsuuacAiSymyb75LhW90BSKGZofMbkaU=
github.com/j4rv/zenless-scrapper v0.0.0-20260303185706-400d2f380b3e/go.mod h1:0gBAS0qRzIaCWi39eDs8ym2XgonR8JlyImXlAjSJhzQ=
github.com/j4rv/zenless-scrapper v0.0.0-20260304210453-7e402ccd4bad h1:IZ+HPJh76m0btKi4hu6fUzxphscCwYbm6+iZ7H6kT9Q=
github.com/j4rv/zenless-scrapper v0.0.0-20260304210453-7e402ccd4bad/go.mod h1:0gBAS0qRzIaCWi39eDs8ym2XgonR8JlyImXlAjSJhzQ=
github.com/j4rv/zenless-scrapper v0.0.0-20260304214045-faf188b6ecdb h1:aX9f58tS/n8QL1gUb2fJyzOX2YBkWuuh5eao1xHzw28=
github.com/j4rv/zenless-scrapper v0.0.0-20260304214045-faf188b6ecdb/go.mod h1:0gBAS0qRzIaCWi39eDs8ym2XgonR8JlyImXlAjSJhzQ=
github.com/j4rv/zenless-scrapper v0.0.0-20260304214422-d4446798b927 h1:F/seMvLP6FGr6xJOkH4p3lAG+r3BNO2gOZVqc+UBbkA=
github.com/j4rv/zenless-scrapper v0.0.0-20260304214422-d4446798b927/go.mod h1:0gBAS0qRzIaCWi39eDs8ym2XgonR8JlyImXlAjSJhzQ=
github.com/j4rv/zenless-scrapper v0.0.0-20260304214549-660ac56615b4 h1:Jwtl7xvUuMgU9lMWkCe/3D/e1U/m04AzZEPWwSbrxcM=
github.com/j4rv/zenless-scrapper v0.0.0-20260304214549-660ac56615b4/go.mod h1:0gBAS0qRzIaCWi39eDs8ym2XgonR8JlyImXlAjSJhzQ=
github.com/j4rv/zenless-scrapper v0.0.0-20260305085318-a2e1370c6700 h1:3iQQbhrD8ZstToUVnBTzy66jBAGHMLMAJtBy0oZw5P8=
github.com/j4rv/zenless-scrapper v0.0.0-20260305085318-a2e1370c6700/go.mod h1:Ru4Ca3jRX8EZJHKoQcav0+g2UejSa07eJ6nCKB7r2c0=
github.com/j4rv/zenless-scrapper v0.0.0-20260305085700-a3e4f7693d21 h1:dlrWnMvw2n0dh0HpjnPla8eoyxQMevJH8GdLUoeuqjU=
github.com/j4rv/zenless-scrapper v0.0.0-20260305085700-a3e4f7693d21/go.mod h1:Ru4Ca3jRX8EZJHKoQcav0+g2UejSa07eJ6nCKB7r2c0=
github.com/j4rv/zenless-scrapper v0.0.0-20260305090203-9247bfe93ad2 h1:NecaXSGksy9IO1QrSdczeRs7WK34rhRI9p9iipqdubM=
github.com/j4rv/zenless-scrapper v0.0.0-20260305090203-9247bfe93ad2/go.mod h1:Ru4Ca3jRX8EZJHKoQcav0+g2UejSa07eJ6nCKB7r2c0=
github.com/j4rv/zenless-scrapper v0.0.0-20260305113518-e6cef0c330b8 h1:Lpd8ZY+JUZ9s6zzn0ifUYQE9zef9HA71v9EWsmEIhUU=
github.com/j4rv/zenless-scrapper v0.0.0-20260305113518-e6cef0c330b8/go.mod h1:Ru4Ca3jRX8EZJHKoQcav0+g2UejSa07eJ6nCKB7r2c0=
github.com/j4rv/zenless-scrapper v0.0.0-20260305115656-0ab1bbfba3f4 h1:M/iQzqVDL2H4Z/Ygvuo6OMToIbNGFmK31k9m4oCVcy0=
github.com/j4rv/zenless-scrapper v0.0.0-20260305115656-0ab1bbfba3f4/go.mod h1:Ru4Ca3jRX8EZJHKoQcav0+g2UejSa07eJ6nCKB7r2c0=
github.com/j4rv/zenless-scrapper v0.0.0-20260305121508-038fcc7668e7 h1:tjwTDCgxAQ+WxxBfvDjBlK7LUTyI/lg1eyrpAY1+rbo=
github.com/j4rv/zenless-scrapper v0.0.0-20260305121508-038fcc7668e7/go.mod h1:Ru4Ca3jRX8EZJHKoQcav0+g2UejSa07eJ6nCKB7r2c0=
github.com/j4rv/zenless-scrapper v0.0.0-20260323172740-f9ed49a4136b h1:WK40M0vFhbg15eLFdqjtuiJcuZ94DMMUoQPbA/KfYJ4=
github.com/j4rv/zenless-scrapper v0.0.0-20260323172740-f9ed49a4136b/go.mod h1:Ru4Ca3jRX8EZJHKoQcav0+g2UejSa07eJ6nCKB7r2c0=
github.com/j4rv/zenless-scrapper v0.0.0-20260323175407-6b627184b132 h1:lBwPPjkK1DJAU6sjJuevG74HycASgbBMNBvoBLqkEH0=
github.com/j4rv/zenless-scrapper v0.0.0-20260323175407-6b627184b132/go.mod h1:Ru4Ca3jRX8EZJHKoQcav0+g2UejSa07eJ6nCKB7r2c0=
github.com/j4rv/zenless-scrapper v0.0.0-20260323180213-ef2a051d5319 h1:wKSgp9b/W0835T4bV8xToVGn+usYgXLV+vQQT1nIh90=
github.com/j4rv/zenless-scrapper v0.0.0-20260323180213-ef2a051d5319/go.mod h1:Ru4Ca3jRX8EZJHKoQcav0+g2UejSa07eJ6nCKB7r2c0=
github.com/jessevdk/go-flags v1.6.1 h1:Cvu5U8UGrLay1rZfv/zP7iLpSHGUZ/Ou68T0iX1bBK4=
github.com/jessevdk/go-flags v1.6.1/go.mod h1:Mk8T1hIAWpOiJiHa9rJASDK2UGWji0EuPGBnNLMooyc=
github.com/jinzhu/inflection v1.0.0 h1:K317FqzuhWc8YvSVlFMCCUb36O/S9MCKRDI7QkRKD/E=
github.com/jinzhu/inflection v1.0.0/go.mod h1:h+uFLlag+Qp1Va5pdKtLDYj+kHp5pxUVkryuEj+Srlc=
github.com/jinzhu/now v1.1.5 h1:/o9tlHleP7gOFmsnYNz3RGnqzefHA47wQpKrrdTIwXQ=
github.com/jinzhu/now v1.1.5/go.mod h1:d3SSVoowX0Lcu0IBviAWJpolVfI5UJVZZ7cO71lE/z8=
github.com/jmoiron/sqlx v1.4.0 h1:1PLqN7S1UYp5t4SrVVnt4nUVNemrDAtxlulVe+Qgm3o=
github.com/jmoiron/sqlx v1.4.0/go.mod h1:ZrZ7UsYB/weZdl2Bxg6jCRO9c3YHl8r3ahlKmRT4JLY=
github.com/kylelemons/godebug v1.1.0 h1:RPNrshWIDI6G2gRW9EHilWtl7Z6Sb1BR0xunSBf0SNc=
github.com/kylelemons/godebug v1.1.0/go.mod h1:9/0rRGxNHcop5bhtWyNeEfOS8JIWk580+fNqagV/RAw=
github.com/lib/pq v1.10.9 h1:YXG7RB+JIjhP29X+OtkiDnYaXQwpS4JEWq7dtCCRUEw=
github.com/lib/pq v1.10.9/go.mod h1:AlVN5x4E4T544tWzH6hKfbfQvm3HdbOxrmggDNAPY9o=
github.com/mattn/go-sqlite3 v1.14.22/go.mod h1:Uh1q+B4BYcTPb+yiD3kU8Ct7aC0hY9fxUwlHK0RXw+Y=
github.com/mattn/go-sqlite3 v1.14.34 h1:3NtcvcUnFBPsuRcno8pUtupspG/GM+9nZ88zgJcp6Zk=
github.com/mattn/go-sqlite3 v1.14.34/go.mod h1:Uh1q+B4BYcTPb+yiD3kU8Ct7aC0hY9fxUwlHK0RXw+Y=
github.com/mroth/weightedrand/v2 v2.1.0 h1:o1ascnB1CIVzsqlfArQQjeMy1U0NcIbBO5rfd5E/OeU=
github.com/mroth/weightedrand/v2 v2.1.0/go.mod h1:f2faGsfOGOwc1p94wzHKKZyTpcJUW7OJ/9U4yfiNAOU=
github.com/pmezard/go-difflib v1.0.0 h1:4DBwDE0NGyQoBHbLQYPwSUPoCMWR5BEzIk/f1lZbAQM=
github.com/pmezard/go-difflib v1.0.0/go.mod h1:iKH77koFhYxTK1pcRnkKkqfTogsbg7gZNVY4sRDYZ/4=
github.com/robfig/cron/v3 v3.0.1 h1:WdRxkvbJztn8LMz/QEvLN5sBU+xKpSqwwUO1Pjr4qDs=
github.com/robfig/cron/v3 v3.0.1/go.mod h1:eQICP3HwyT7UooqI/z+Ov+PtYAWygg1TEWWzGIFLtro=
github.com/skip2/go-qrcode v0.0.0-20200617195104-da1b6568686e h1:MRM5ITcdelLK2j1vwZ3Je0FKVCfqOLp5zO6trqMLYs0=
github.com/skip2/go-qrcode v0.0.0-20200617195104-da1b6568686e/go.mod h1:XV66xRDqSt+GTGFMVlhk3ULuV0y9ZmzeVGR4mloJI3M=
github.com/stretchr/testify v1.11.1 h1:7s2iGBzp5EwR7/aIZr8ao5+dra3wiQyKjjFuvgVKu7U=
github.com/stretchr/testify v1.11.1/go.mod h1:wZwfW3scLgRK+23gO65QZefKpKQRnfz6sD981Nm4B6U=
github.com/yeka/zip v0.0.0-20231116150916-03d6312748a9 h1:K8gF0eekWPEX+57l30ixxzGhHH/qscI3JCnuhbN6V4M=
github.com/yeka/zip v0.0.0-20231116150916-03d6312748a9/go.mod h1:9BnoKCcgJ/+SLhfAXj15352hTOuVmG5Gzo8xNRINfqI=
golang.org/x/crypto v0.0.0-20210421170649-83a5a9bb288b/go.mod h1:T9bdIzuCu7OtxOm1hfPfRQxPLYneinmdGuTeoZ9dtd4=
golang.org/x/crypto v0.48.0 h1:/VRzVqiRSggnhY7gNRxPauEQ5Drw9haKdM0jqfcCFts=
golang.org/x/crypto v0.48.0/go.mod h1:r0kV5h3qnFPlQnBSrULhlsRfryS2pmewsg+XfMgkVos=
golang.org/x/net v0.0.0-20210226172049-e18ecbb05110/go.mod h1:m0MpNAwzfU5UDzcl9v0D8zg8gWTRqZa9RBIspLL5mdg=
golang.org/x/sys v0.0.0-20201119102817-f84b799fce68/go.mod h1:h1NjWce9XRLGQEsW7wpKNCjG9DtNlClVuFLEZdDNbEs=
golang.org/x/sys v0.41.0 h1:Ivj+2Cp/ylzLiEU89QhWblYnOE9zerudt9Ftecq2C6k=
golang.org/x/sys v0.41.0/go.mod h1:OgkHotnGiDImocRcuBABYBEXf8A9a87e/uXjp9XT3ks=
golang.org/x/term v0.0.0-20201126162022-7de9c90e9dd1/go.mod h1:bj7SfCRtBDWHUb9snDiAeCFNEtKQo2Wmx5Cou7ajbmo=
golang.org/x/text v0.3.3/go.mod h1:5Zoc/QRtKVWzQhOtBMvqHzDpF6irO9z98xDceosuGiQ=
golang.org/x/text v0.34.0 h1:oL/Qq0Kdaqxa1KbNeMKwQq0reLCCaFtqu2eNuSeNHbk=
golang.org/x/text v0.34.0/go.mod h1:homfLqTYRFyVYemLBFl5GgL/DWEiH5wcsQ5gSh1yziA=
golang.org/x/tools v0.0.0-20180917221912-90fa682c2a6e/go.mod h1:n7NCudcB/nEzxVGmLbDWY5pfWTLqBcC2KZ6jyYvM4mQ=
gopkg.in/yaml.v3 v3.0.1 h1:fxVm/GzAzEWqLHuvctI91KS9hhNmmWOoWu0XTYJS7CA=
gopkg.in/yaml.v3 v3.0.1/go.mod h1:K4uyk7z7BCEPqu6E+C64Yfv1cQ7kz7rIZviUmN+EgEM=
gorm.io/driver/sqlite v1.6.0 h1:WHRRrIiulaPiPFmDcod6prc4l2VGVWHz80KspNsxSfQ=
gorm.io/driver/sqlite v1.6.0/go.mod h1:AO9V1qIQddBESngQUKWL9yoH93HIeA1X6V633rBwyT8=
gorm.io/gorm v1.31.1 h1:7CA8FTFz/gRfgqgpeKIBcervUn3xSyPUmr6B2WXJ7kg=
gorm.io/gorm v1.31.1/go.mod h1:XyQVbO2k6YkOis7C2437jSit3SsDK72s7n7rsSHd+Gs=
